
Microsoft Visual Studio Solution File, Format Version 12.00
# Visual Studio 15
VisualStudioVersion = 15.0.27703.2047
MinimumVisualStudioVersion = 10.0.40219.1
Project("{FAE04EC0-301F-11D3-BF4B-00C04F79EFBC}") = "ConsoleApp4", "ConsoleApp4\ConsoleApp4.csproj", "{797BEE69-6AB2-40B7-8E26-99029B920378}"
EndProject
Global
	GlobalSection(SolutionConfigurationPlatforms) = preSolution
		Debug|Any CPU = Debug|Any CPU
		Release|Any CPU = Release|Any CPU
	EndGlobalSection
	GlobalSection(ProjectConfigurationPlatforms) = postSolution
		{797BEE69-6AB2-40B7-8E26-99029B920378}.Debug|Any CPU.ActiveCfg = Debug|Any CPU
		{797BEE69-6AB2-40B7-8E26-99029B920378}.Debug|Any CPU.Build.0 = Debug|Any CPU
		{797BEE69-6AB2-40B7-8E26-99029B920378}.Release|Any CPU.ActiveCfg = Release|Any CPU
		{797BEE69-6AB2-40B7-8E26-99029B920378}.Release|Any CPU.Build.0 = Release|Any CPU
	EndGlobalSection
	GlobalSection(SolutionProperties) = preSolution
		HideSolutionNode = FALSE
	EndGlobalSection
	GlobalSection(ExtensibilityGlobals) = postSolution
		SolutionGuid = {92BAA03B-F8C9-4408-A4E8-BAEF5553C356}
	EndGlobalSection
EndGlobal
